hash: bfc9468670b6d4af49dbf078e41c04fab8583cfbab8fdf958ad28c1af8ae5bed
updated: 2016-11-01T18:38:33.05616763+02:00
imports:
- name: github.com/jmoiron/sqlx
  version: 5f97679e23f75f42b265fec8d3bdb1c8de90b79d
  subpackages:
  - reflectx
- name: github.com/lib/pq
  version: ae8357db35d721c58dcdc911318b55bef6b1b001
  subpackages:
  - oid
- name: github.com/pressly/chi
  version: fc6251083a856d5093f4b96d71252c5e56d9c1b5
  subpackages:
  - middleware
testImports: []
