hash: 5f0baabdaa581d821701e331a64b3366e5799bf6d9a07fe201fb68b749cd387b
updated: 2016-10-31T19:35:39.573503618+02:00
imports:
- name: github.com/jinzhu/gorm
  version: 5174cc5c242a728b435ea2be8a2f7f998e15429b
  subpackages:
  - '...'
  - dialects/postgres
- name: github.com/jinzhu/inflection
  version: 74387dc39a75e970e7a3ae6a3386b5bd2e5c5cff
- name: github.com/lib/pq
  version: ae8357db35d721c58dcdc911318b55bef6b1b001
  subpackages:
  - hstore
  - oid
- name: github.com/pressly/chi
  version: fc6251083a856d5093f4b96d71252c5e56d9c1b5
  subpackages:
  - middleware
- name: golang.org/x/net
  version: 4cfeeeb61ae8daa2a4b06572024786e56f23504c
  subpackages:
  - context
testImports: []
